
Microsoft Visual Studio Solution File, Format Version 12.00
# Visual Studio Version 17
VisualStudioVersion = 17.7.34221.43
MinimumVisualStudioVersion = 10.0.40219.1
Project("{8BC9CEB8-8B4A-11D0-8D11-00A0C91BC942}") = "LIbraries_02", "LIbraries_02.vcxproj", "{EEEE52A2-1A13-43F7-AE09-51BA2C0DA210}"
EndProject
Global
	GlobalSection(SolutionConfigurationPlatforms) = preSolution
		Debug|x64 = Debug|x64
		Debug|x86 = Debug|x86
		Release|x64 = Release|x64
		Release|x86 = Release|x86
	EndGlobalSection
	GlobalSection(ProjectConfigurationPlatforms) = postSolution
		{EEEE52A2-1A13-43F7-AE09-51BA2C0DA210}.Debug|x64.ActiveCfg = Debug|x64
		{EEEE52A2-1A13-43F7-AE09-51BA2C0DA210}.Debug|x64.Build.0 = Debug|x64
		{EEEE52A2-1A13-43F7-AE09-51BA2C0DA210}.Debug|x86.ActiveCfg = Debug|Win32
		{EEEE52A2-1A13-43F7-AE09-51BA2C0DA210}.Debug|x86.Build.0 = Debug|Win32
		{EEEE52A2-1A13-43F7-AE09-51BA2C0DA210}.Release|x64.ActiveCfg = Release|x64
		{EEEE52A2-1A13-43F7-AE09-51BA2C0DA210}.Release|x64.Build.0 = Release|x64
		{EEEE52A2-1A13-43F7-AE09-51BA2C0DA210}.Release|x86.ActiveCfg = Release|Win32
		{EEEE52A2-1A13-43F7-AE09-51BA2C0DA210}.Release|x86.Build.0 = Release|Win32
	EndGlobalSection
	GlobalSection(SolutionProperties) = preSolution
		HideSolutionNode = FALSE
	EndGlobalSection
	GlobalSection(ExtensibilityGlobals) = postSolution
		SolutionGuid = {1B9E584F-38DD-46CF-9660-BCAA9925A278}
	EndGlobalSection
EndGlobal
